// !$*UTF8*$!
{
	archiveVersion = 1;
	classes = {
	};
	objectVersion = 56;
	objects = {

/* Begin PBXBuildFile section */
		ED1DE10D2C468F4700CF5497 /* TodoList_SwiftUIApp.swift in Sources */ = {isa = PBXBuildFile; fileRef = ED1DE10C2C468F4700CF5497 /* TodoList_SwiftUIApp.swift */; };
		ED1DE1112C468F4800CF5497 /* Assets.xcassets in Resources */ = {isa = PBXBuildFile; fileRef = ED1DE1102C468F4800CF5497 /* Assets.xcassets */; };
		ED1DE1142C468F4800CF5497 /* Preview Assets.xcassets in Resources */ = {isa = PBXBuildFile; fileRef = ED1DE1132C468F4800CF5497 /* Preview Assets.xcassets */; };
		ED1DE11C2C46906000CF5497 /* ListView.swift in Sources */ = {isa = PBXBuildFile; fileRef = ED1DE11B2C46906000CF5497 /* ListView.swift */; };
		ED1DE11E2C46942800CF5497 /* ListRowView.swift in Sources */ = {isa = PBXBuildFile; fileRef = ED1DE11D2C46942800CF5497 /* ListRowView.swift */; };
		ED1DE1202C469DE000CF5497 /* AddView.swift in Sources */ = {isa = PBXBuildFile; fileRef = ED1DE11F2C469DE000CF5497 /* AddView.swift */; };
		ED1DE1232C46CBB500CF5497 /* ItemModel.swift in Sources */ = {isa = PBXBuildFile; fileRef = ED1DE1222C46CBB500CF5497 /* ItemModel.swift */; };
/* End PBXBuildFile section */

/* Begin PBXFileReference section */
		ED1DE1092C468F4700CF5497 /* TodoList_SwiftUI.app */ = {isa = PBXFileReference; explicitFileType = wrapper.application; includeInIndex = 0; path = TodoList_SwiftUI.app; sourceTree = BUILT_PRODUCTS_DIR; };
		ED1DE10C2C468F4700CF5497 /* TodoList_SwiftUIApp.swift */ = {isa = PBXFileReference; lastKnownFileType = sourcecode.swift; path = TodoList_SwiftUIApp.swift; sourceTree = "<group>"; };
		ED1DE1102C468F4800CF5497 /* Assets.xcassets */ = {isa = PBXFileReference; lastKnownFileType = folder.assetcatalog; path = Assets.xcassets; sourceTree = "<group>"; };
		ED1DE1132C468F4800CF5497 /* Preview Assets.xcassets */ = {isa = PBXFileReference; lastKnownFileType = folder.assetcatalog; path = "Preview Assets.xcassets"; sourceTree = "<group>"; };
		ED1DE11B2C46906000CF5497 /* ListView.swift */ = {isa = PBXFileReference; lastKnownFileType = sourcecode.swift; path = ListView.swift; sourceTree = "<group>"; };
		ED1DE11D2C46942800CF5497 /* ListRowView.swift */ = {isa = PBXFileReference; lastKnownFileType = sourcecode.swift; path = ListRowView.swift; sourceTree = "<group>"; };
		ED1DE11F2C469DE000CF5497 /* AddView.swift */ = {isa = PBXFileReference; lastKnownFileType = sourcecode.swift; path = AddView.swift; sourceTree = "<group>"; };
		ED1DE1222C46CBB500CF5497 /* ItemModel.swift */ = {isa = PBXFileReference; lastKnownFileType = sourcecode.swift; path = ItemModel.swift; sourceTree = "<group>"; };
/* End PBXFileReference section */

/* Begin PBXFrameworksBuildPhase section */
		ED1DE1062C468F4700CF5497 /* Frameworks */ = {
			isa = PBXFrameworksBuildPhase;
			buildActionMask = 2147483647;
			files = (
			);
			runOnlyForDeploymentPostprocessing = 0;
		};
/* End PBXFrameworksBuildPhase section */

/* Begin PBXGroup section */
		ED1DE1002C468F4700CF5497 = {
			isa = PBXGroup;
			children = (
				ED1DE10B2C468F4700CF5497 /* TodoList_SwiftUI */,
				ED1DE10A2C468F4700CF5497 /* Products */,
			);
			sourceTree = "<group>";
		};
		ED1DE10A2C468F4700CF5497 /* Products */ = {
			isa = PBXGroup;
			children = (
				ED1DE1092C468F4700CF5497 /* TodoList_SwiftUI.app */,
			);
			name = Products;
			sourceTree = "<group>";
		};
		ED1DE10B2C468F4700CF5497 /* TodoList_SwiftUI */ = {
			isa = PBXGroup;
			children = (
				ED1DE10C2C468F4700CF5497 /* TodoList_SwiftUIApp.swift */,
				ED1DE1212C46CB9A00CF5497 /* Models */,
				ED1DE11A2C46904B00CF5497 /* Views */,
				ED1DE1102C468F4800CF5497 /* Assets.xcassets */,
				ED1DE1122C468F4800CF5497 /* Preview Content */,
			);
			path = TodoList_SwiftUI;
			sourceTree = "<group>";
		};
		ED1DE1122C468F4800CF5497 /* Preview Content */ = {
			isa = PBXGroup;
			children = (
				ED1DE1132C468F4800CF5497 /* Preview Assets.xcassets */,
			);
			path = "Preview Content";
			sourceTree = "<group>";
		};
		ED1DE11A2C46904B00CF5497 /* Views */ = {
			isa = PBXGroup;
			children = (
				ED1DE11B2C46906000CF5497 /* ListView.swift */,
				ED1DE11D2C46942800CF5497 /* ListRowView.swift */,
				ED1DE11F2C469DE000CF5497 /* AddView.swift */,
			);
			path = Views;
			sourceTree = "<group>";
		};
		ED1DE1212C46CB9A00CF5497 /* Models */ = {
			isa = PBXGroup;
			children = (
				ED1DE1222C46CBB500CF5497 /* ItemModel.swift */,
			);
			path = Models;
			sourceTree = "<group>";
		};
/* End PBXGroup section */

/* Begin PBXNativeTarget section */
		ED1DE1082C468F4700CF5497 /* TodoList_SwiftUI */ = {
			isa = PBXNativeTarget;
			buildConfigurationList = ED1DE1172C468F4800CF5497 /* Build configuration list for PBXNativeTarget "TodoList_SwiftUI" */;
			buildPhases = (
				ED1DE1052C468F4700CF5497 /* Sources */,
				ED1DE1062C468F4700CF5497 /* Frameworks */,
				ED1DE1072C468F4700CF5497 /* Resources */,
			);
			buildRules = (
			);
			dependencies = (
			);
			name = TodoList_SwiftUI;
			productName = TodoList_SwiftUI;
			productReference = ED1DE1092C468F4700CF5497 /* TodoList_SwiftUI.app */;
			productType = "com.apple.product-type.application";
		};
/* End PBXNativeTarget section */

/* Begin PBXProject section */
		ED1DE1012C468F4700CF5497 /* Project object */ = {
			isa = PBXProject;
			attributes = {
				BuildIndependentTargetsInParallel = 1;
				LastSwiftUpdateCheck = 1540;
				LastUpgradeCheck = 1540;
				TargetAttributes = {
					ED1DE1082C468F4700CF5497 = {
						CreatedOnToolsVersion = 15.4;
					};
				};
			};
			buildConfigurationList = ED1DE1042C468F4700CF5497 /* Build configuration list for PBXProject "TodoList_SwiftUI" */;
			compatibilityVersion = "Xcode 14.0";
			developmentRegion = en;
			hasScannedForEncodings = 0;
			knownRegions = (
				en,
				Base,
			);
			mainGroup = ED1DE1002C468F4700CF5497;
			productRefGroup = ED1DE10A2C468F4700CF5497 /* Products */;
			projectDirPath = "";
			projectRoot = "";
			targets = (
				ED1DE1082C468F4700CF5497 /* TodoList_SwiftUI */,
			);
		};
/* End PBXProject section */

/* Begin PBXResourcesBuildPhase section */
		ED1DE1072C468F4700CF5497 /* Resources */ = {
			isa = PBXResourcesBuildPhase;
			buildActionMask = 2147483647;
			files = (
				ED1DE1142C468F4800CF5497 /* Preview Assets.xcassets in Resources */,
				ED1DE1112C468F4800CF5497 /* Assets.xcassets in Resources */,
			);
			runOnlyForDeploymentPostprocessing = 0;
		};
/* End PBXResourcesBuildPhase section */

/* Begin PBXSourcesBuildPhase section */
		ED1DE1052C468F4700CF5497 /* Sources */ = {
			isa = PBXSourcesBuildPhase;
			buildActionMask = 2147483647;
			files = (
				ED1DE1232C46CBB500CF5497 /* ItemModel.swift in Sources */,
				ED1DE1202C469DE000CF5497 /* AddView.swift in Sources */,
				ED1DE10D2C468F4700CF5497 /* TodoList_SwiftUIApp.swift in Sources */,
				ED1DE11C2C46906000CF5497 /* ListView.swift in Sources */,
				ED1DE11E2C46942800CF5497 /* ListRowView.swift in Sources */,
			);
			runOnlyForDeploymentPostprocessing = 0;
		};
/* End PBXSourcesBuildPhase section */

/* Begin XCBuildConfiguration section */
		ED1DE1152C468F4800CF5497 /* Debug */ = {
			isa = XCBuildConfiguration;
			buildSettings = {
				ALWAYS_SEARCH_USER_PATHS = NO;
				ASSETCATALOG_COMPILER_GENERATE_SWIFT_ASSET_SYMBOL_EXTENSIONS = YES;
				CLANG_ANALYZER_NONNULL = YES;
				CLANG_ANALYZER_NUMBER_OBJECT_CONVERSION = YES_AGGRESSIVE;
				CLANG_CXX_LANGUAGE_STANDARD = "gnu++20";
				CLANG_ENABLE_MODULES = YES;
				CLANG_ENABLE_OBJC_ARC = YES;
				CLANG_ENABLE_OBJC_WEAK = YES;
				CLANG_WARN_BLOCK_CAPTURE_AUTORELEASING = YES;
				CLANG_WARN_BOOL_CONVERSION = YES;
				CLANG_WARN_COMMA = YES;
				CLANG_WARN_CONSTANT_CONVERSION = YES;
				CLANG_WARN_DEPRECATED_OBJC_IMPLEMENTATIONS = YES;
				CLANG_WARN_DIRECT_OBJC_ISA_USAGE = YES_ERROR;
				CLANG_WARN_DOCUMENTATION_COMMENTS = YES;
				CLANG_WARN_EMPTY_BODY = YES;
				CLANG_WARN_ENUM_CONVERSION = YES;
				CLANG_WARN_INFINITE_RECURSION = YES;
				CLANG_WARN_INT_CONVERSION = YES;
				CLANG_WARN_NON_LITERAL_NULL_CONVERSION = YES;
				CLANG_WARN_OBJC_IMPLICIT_RETAIN_SELF = YES;
				CLANG_WARN_OBJC_LITERAL_CONVERSION = YES;
				CLANG_WARN_OBJC_ROOT_CLASS = YES_ERROR;
				CLANG_WARN_QUOTED_INCLUDE_IN_FRAMEWORK_HEADER = YES;
				CLANG_WARN_RANGE_LOOP_ANALYSIS = YES;
				CLANG_WARN_STRICT_PROTOTYPES = YES;
				CLANG_WARN_SUSPICIOUS_MOVE = YES;
				CLANG_WARN_UNGUARDED_AVAILABILITY = YES_AGGRESSIVE;
				CLANG_WARN_UNREACHABLE_CODE = YES;
				CLANG_WARN__DUPLICATE_METHOD_MATCH = YES;
				COPY_PHASE_STRIP = NO;
				DEBUG_INFORMATION_FORMAT = dwarf;
				ENABLE_STRICT_OBJC_MSGSEND = YES;
				ENABLE_TESTABILITY = YES;
				ENABLE_USER_SCRIPT_SANDBOXING = YES;
				GCC_C_LANGUAGE_STANDARD = gnu17;
				GCC_DYNAMIC_NO_PIC = NO;
				GCC_NO_COMMON_BLOCKS = YES;
				GCC_OPTIMIZATION_LEVEL = 0;
				GCC_PREPROCESSOR_DEFINITIONS = (
					"DEBUG=1",
					"$(inherited)",
				);
				GCC_WARN_64_TO_32_BIT_CONVERSION = YES;
				GCC_WARN_ABOUT_RETURN_TYPE = YES_ERROR;
				GCC_WARN_UNDECLARED_SELECTOR = YES;
				GCC_WARN_UNINITIALIZED_AUTOS = YES_AGGRESSIVE;
				GCC_WARN_UNUSED_FUNCTION = YES;
				GCC_WARN_UNUSED_VARIABLE = YES;
				IPHONEOS_DEPLOYMENT_TARGET = 17.5;
				LOCALIZATION_PREFERS_STRING_CATALOGS = YES;
				MTL_ENABLE_DEBUG_INFO = INCLUDE_SOURCE;
				MTL_FAST_MATH = YES;
				ONLY_ACTIVE_ARCH = YES;
				SDKROOT = iphoneos;
				SWIFT_ACTIVE_COMPILATION_CONDITIONS = "DEBUG $(inherited)";
				SWIFT_OPTIMIZATION_LEVEL = "-Onone";
			};
			name = Debug;
		};
		ED1DE1162C468F4800CF5497 /* Release */ = {
			isa = XCBuildConfiguration;
			buildSettings = {
				ALWAYS_SEARCH_USER_PATHS = NO;
				ASSETCATALOG_COMPILER_GENERATE_SWIFT_ASSET_SYMBOL_EXTENSIONS = YES;
				CLANG_ANALYZER_NONNULL = YES;
				CLANG_ANALYZER_NUMBER_OBJECT_CONVERSION = YES_AGGRESSIVE;
				CLANG_CXX_LANGUAGE_STANDARD = "gnu++20";
				CLANG_ENABLE_MODULES = YES;
				CLANG_ENABLE_OBJC_ARC = YES;
				CLANG_ENABLE_OBJC_WEAK = YES;
				CLANG_WARN_BLOCK_CAPTURE_AUTORELEASING = YES;
				CLANG_WARN_BOOL_CONVERSION = YES;
				CLANG_WARN_COMMA = YES;
				CLANG_WARN_CONSTANT_CONVERSION = YES;
				CLANG_WARN_DEPRECATED_OBJC_IMPLEMENTATIONS = YES;
				CLANG_WARN_DIRECT_OBJC_ISA_USAGE = YES_ERROR;
				CLANG_WARN_DOCUMENTATION_COMMENTS = YES;
				CLANG_WARN_EMPTY_BODY = YES;
				CLANG_WARN_ENUM_CONVERSION = YES;
				CLANG_WARN_INFINITE_RECURSION = YES;
				CLANG_WARN_INT_CONVERSION = YES;
				CLANG_WARN_NON_LITERAL_NULL_CONVERSION = YES;
				CLANG_WARN_OBJC_IMPLICIT_RETAIN_SELF = YES;
				CLANG_WARN_OBJC_LITERAL_CONVERSION = YES;
				CLANG_WARN_OBJC_ROOT_CLASS = YES_ERROR;
				CLANG_WARN_QUOTED_INCLUDE_IN_FRAMEWORK_HEADER = YES;
				CLANG_WARN_RANGE_LOOP_ANALYSIS = YES;
				CLANG_WARN_STRICT_PROTOTYPES = YES;
				CLANG_WARN_SUSPICIOUS_MOVE = YES;
				CLANG_WARN_UNGUARDED_AVAILABILITY = YES_AGGRESSIVE;
				CLANG_WARN_UNREACHABLE_CODE = YES;
				CLANG_WARN__DUPLICATE_METHOD_MATCH = YES;
				COPY_PHASE_STRIP = NO;
				DEBUG_INFORMATION_FORMAT = "dwarf-with-dsym";
				ENABLE_NS_ASSERTIONS = NO;
				ENABLE_STRICT_OBJC_MSGSEND = YES;
				ENABLE_USER_SCRIPT_SANDBOXING = YES;
				GCC_C_LANGUAGE_STANDARD = gnu17;
				GCC_NO_COMMON_BLOCKS = YES;
				GCC_WARN_64_TO_32_BIT_CONVERSION = YES;
				GCC_WARN_ABOUT_RETURN_TYPE = YES_ERROR;
				GCC_WARN_UNDECLARED_SELECTOR = YES;
				GCC_WARN_UNINITIALIZED_AUTOS = YES_AGGRESSIVE;
				GCC_WARN_UNUSED_FUNCTION = YES;
				GCC_WARN_UNUSED_VARIABLE = YES;
				IPHONEOS_DEPLOYMENT_TARGET = 17.5;
				LOCALIZATION_PREFERS_STRING_CATALOGS = YES;
				MTL_ENABLE_DEBUG_INFO = NO;
				MTL_FAST_MATH = YES;
				SDKROOT = iphoneos;
				SWIFT_COMPILATION_MODE = wholemodule;
				VALIDATE_PRODUCT = YES;
			};
			name = Release;
		};
		ED1DE1182C468F4800CF5497 /* Debug */ = {
			isa = XCBuildConfiguration;
			buildSettings = {
				ASSETCATALOG_COMPILER_APPICON_NAME = AppIcon;
				ASSETCATALOG_COMPILER_GLOBAL_ACCENT_COLOR_NAME = AccentColor;
				CODE_SIGN_STYLE = Automatic;
				CURRENT_PROJECT_VERSION = 1;
				DEVELOPMENT_ASSET_PATHS = "\"TodoList_SwiftUI/Preview Content\"";
				DEVELOPMENT_TEAM = AQ885RMR56;
				ENABLE_PREVIEWS = YES;
				GENERATE_INFOPLIST_FILE = YES;
				INFOPLIST_KEY_UIApplicationSceneManifest_Generation = YES;
				INFOPLIST_KEY_UIApplicationSupportsIndirectInputEvents = YES;
				INFOPLIST_KEY_UILaunchScreen_Generation = YES;
				INFOPLIST_KEY_UISupportedInterfaceOrientations_iPad = "UIInterfaceOrientationPortrait UIInterfaceOrientationPortraitUpsideDown UIInterfaceOrientationLandscapeLeft UIInterfaceOrientationLandscapeRight";
				INFOPLIST_KEY_UISupportedInterfaceOrientations_iPhone = "UIInterfaceOrientationPortrait UIInterfaceOrientationLandscapeLeft UIInterfaceOrientationLandscapeRight";
				LD_RUNPATH_SEARCH_PATHS = (
					"$(inherited)",
					"@executable_path/Frameworks",
				);
				MARKETING_VERSION = 1.0;
				PRODUCT_BUNDLE_IDENTIFIER = "com.myorganization.TodoList-SwiftUI";
				PRODUCT_NAME = "$(TARGET_NAME)";
				SWIFT_EMIT_LOC_STRINGS = YES;
				SWIFT_VERSION = 5.0;
				TARGETED_DEVICE_FAMILY = "1,2";
			};
			name = Debug;
		};
		ED1DE1192C468F4800CF5497 /* Release */ = {
			isa = XCBuildConfiguration;
			buildSettings = {
				ASSETCATALOG_COMPILER_APPICON_NAME = AppIcon;
				ASSETCATALOG_COMPILER_GLOBAL_ACCENT_COLOR_NAME = AccentColor;
				CODE_SIGN_STYLE = Automatic;
				CURRENT_PROJECT_VERSION = 1;
				DEVELOPMENT_ASSET_PATHS = "\"TodoList_SwiftUI/Preview Content\"";
				DEVELOPMENT_TEAM = AQ885RMR56;
				ENABLE_PREVIEWS = YES;
				GENERATE_INFOPLIST_FILE = YES;
				INFOPLIST_KEY_UIApplicationSceneManifest_Generation = YES;
				INFOPLIST_KEY_UIApplicationSupportsIndirectInputEvents = YES;
				INFOPLIST_KEY_UILaunchScreen_Generation = YES;
				INFOPLIST_KEY_UISupportedInterfaceOrientations_iPad = "UIInterfaceOrientationPortrait UIInterfaceOrientationPortraitUpsideDown UIInterfaceOrientationLandscapeLeft UIInterfaceOrientationLandscapeRight";
				INFOPLIST_KEY_UISupportedInterfaceOrientations_iPhone = "UIInterfaceOrientationPortrait UIInterfaceOrientationLandscapeLeft UIInterfaceOrientationLandscapeRight";
				LD_RUNPATH_SEARCH_PATHS = (
					"$(inherited)",
					"@executable_path/Frameworks",
				);
				MARKETING_VERSION = 1.0;
				PRODUCT_BUNDLE_IDENTIFIER = "com.myorganization.TodoList-SwiftUI";
				PRODUCT_NAME = "$(TARGET_NAME)";
				SWIFT_EMIT_LOC_STRINGS = YES;
				SWIFT_VERSION = 5.0;
				TARGETED_DEVICE_FAMILY = "1,2";
			};
			name = Release;
		};
/* End XCBuildConfiguration section */

/* Begin XCConfigurationList section */
		ED1DE1042C468F4700CF5497 /* Build configuration list for PBXProject "TodoList_SwiftUI" */ = {
			isa = XCConfigurationList;
			buildConfigurations = (
				ED1DE1152C468F4800CF5497 /* Debug */,
				ED1DE1162C468F4800CF5497 /* Release */,
			);
			defaultConfigurationIsVisible = 0;
			defaultConfigurationName = Release;
		};
		ED1DE1172C468F4800CF5497 /* Build configuration list for PBXNativeTarget "TodoList_SwiftUI" */ = {
			isa = XCConfigurationList;
			buildConfigurations = (
				ED1DE1182C468F4800CF5497 /* Debug */,
				ED1DE1192C468F4800CF5497 /* Release */,
			);
			defaultConfigurationIsVisible = 0;
			defaultConfigurationName = Release;
		};
/* End XCConfigurationList section */
	};
	rootObject = ED1DE1012C468F4700CF5497 /* Project object */;
}
